
Microsoft Visual Studio Solution File, Format Version 12.00
# Visual Studio 15
Project("{FAE04EC0-301F-11D3-BF4B-00C04F79EFBC}") = "Oculus.Interaction.Editor", "Oculus.Interaction.Editor.csproj", "{0CB5B7BB-0C8C-892E-502C-D7C10ADAB831}"
EndProject
Project("{FAE04EC0-301F-11D3-BF4B-00C04F79EFBC}") = "Meta.WitAi.Conduit", "Meta.WitAi.Conduit.csproj", "{A4EDA199-A2E4-4277-7BD9-1B21E68C6F39}"
EndProject
Project("{FAE04EC0-301F-11D3-BF4B-00C04F79EFBC}") = "Oculus.VR", "Oculus.VR.csproj", "{2A14822A-870E-C072-CB2C-AD28942B11F1}"
EndProject
Project("{FAE04EC0-301F-11D3-BF4B-00C04F79EFBC}") = "Oculus.Interaction", "Oculus.Interaction.csproj", "{25285836-7730-CD47-9EF2-8D4AFBA43CA2}"
EndProject
Project("{FAE04EC0-301F-11D3-BF4B-00C04F79EFBC}") = "Meta.Voice.Samples.ShapesConduit", "Meta.Voice.Samples.ShapesConduit.csproj", "{80939604-8A26-F446-1448-19C74251B4E1}"
EndProject
Project("{FAE04EC0-301F-11D3-BF4B-00C04F79EFBC}") = "Meta.WitAi.Editor", "Meta.WitAi.Editor.csproj", "{290A617D-0A27-8543-A59E-07F3915F47C3}"
EndProject
Project("{FAE04EC0-301F-11D3-BF4B-00C04F79EFBC}") = "Oculus.Platform", "Oculus.Platform.csproj", "{C5DF4DE3-D2B7-11B2-A832-92ACF25B6D78}"
EndProject
Project("{FAE04EC0-301F-11D3-BF4B-00C04F79EFBC}") = "VoiceSDK.Telemetry", "VoiceSDK.Telemetry.csproj", "{70AF83EC-356A-9CFE-C8AA-23AB844FDDA1}"
EndProject
Project("{FAE04EC0-301F-11D3-BF4B-00C04F79EFBC}") = "Meta.WitAi.Conduit.Editor", "Meta.WitAi.Conduit.Editor.csproj", "{8559756C-21E6-3341-3CBA-BB1967FAC6B6}"
EndProject
Project("{FAE04EC0-301F-11D3-BF4B-00C04F79EFBC}") = "Meta.WitAi", "Meta.WitAi.csproj", "{43D2C6EB-120E-7147-37B2-A7E89202D574}"
EndProject
Project("{FAE04EC0-301F-11D3-BF4B-00C04F79EFBC}") = "Oculus.Interaction.OVR.Samples", "Oculus.Interaction.OVR.Samples.csproj", "{0F6175F7-6E68-5B20-7B86-528635667D4C}"
EndProject
Project("{FAE04EC0-301F-11D3-BF4B-00C04F79EFBC}") = "Assembly-CSharp", "Assembly-CSharp.csproj", "{313731D0-D27A-0B83-AEC3-E5C2DD9DF742}"
EndProject
Project("{FAE04EC0-301F-11D3-BF4B-00C04F79EFBC}") = "Meta.WitAi.Lib", "Meta.WitAi.Lib.csproj", "{C0B2D44B-A9D6-1912-5851-A1D4FA035D6A}"
EndProject
Project("{FAE04EC0-301F-11D3-BF4B-00C04F79EFBC}") = "Oculus.VR.Editor", "Oculus.VR.Editor.csproj", "{9AE50595-FDD7-A643-6FB4-A9BAB6B58076}"
EndProject
Project("{FAE04EC0-301F-11D3-BF4B-00C04F79EFBC}") = "Meta.Voice.Hub.Runtime", "Meta.Voice.Hub.Runtime.csproj", "{75C961A3-6D90-EBEF-21A7-281B051A08B8}"
EndProject
Project("{FAE04EC0-301F-11D3-BF4B-00C04F79EFBC}") = "VoiceSDK.Dictation.Runtime", "VoiceSDK.Dictation.Runtime.csproj", "{E5341C12-8698-60BF-7317-712A6331E20C}"
EndProject
Project("{FAE04EC0-301F-11D3-BF4B-00C04F79EFBC}") = "Oculus.LipSync", "Oculus.LipSync.csproj", "{19C31E08-C8B2-7DE4-DDBC-5E993508398C}"
EndProject
Project("{FAE04EC0-301F-11D3-BF4B-00C04F79EFBC}") = "Oculus.Interaction.OVR", "Oculus.Interaction.OVR.csproj", "{04339D0C-E97E-FF8B-5BC5-B3F781C5EDC0}"
EndProject
Project("{FAE04EC0-301F-11D3-BF4B-00C04F79EFBC}") = "Meta.Voice.Hub.Editor", "Meta.Voice.Hub.Editor.csproj", "{D9D6216B-3689-269D-4FD5-8350EA10A9E9}"
EndProject
Project("{FAE04EC0-301F-11D3-BF4B-00C04F79EFBC}") = "VoiceSDK.Editor", "VoiceSDK.Editor.csproj", "{981679A4-0A57-F921-FE20-3FAFD1995F18}"
EndProject
Project("{FAE04EC0-301F-11D3-BF4B-00C04F79EFBC}") = "Meta.WitAI.Lib.Editor", "Meta.WitAI.Lib.Editor.csproj", "{583A113C-9D66-86B4-C298-EF299998749B}"
EndProject
Project("{FAE04EC0-301F-11D3-BF4B-00C04F79EFBC}") = "Oculus.Spatializer.Editor", "Oculus.Spatializer.Editor.csproj", "{3BE40B19-BCBC-7784-051D-DDC8B864586C}"
EndProject
Project("{FAE04EC0-301F-11D3-BF4B-00C04F79EFBC}") = "AssistantCoreSDKRuntime", "AssistantCoreSDKRuntime.csproj", "{E4834871-4126-57BE-9483-6AC7F937FD97}"
EndProject
Project("{FAE04EC0-301F-11D3-BF4B-00C04F79EFBC}") = "Oculus.AudioManager", "Oculus.AudioManager.csproj", "{0E3A4A8E-1E19-E301-BD66-79EC157F95D7}"
EndProject
Project("{FAE04EC0-301F-11D3-BF4B-00C04F79EFBC}") = "VoiceSDK.Runtime", "VoiceSDK.Runtime.csproj", "{CEFF1BF5-ED15-5198-F38F-DF3FF9EF1F92}"
EndProject
Project("{FAE04EC0-301F-11D3-BF4B-00C04F79EFBC}") = "Facebook.Wit.Dictation", "Facebook.Wit.Dictation.csproj", "{89F81AA4-1907-89D8-5C44-F80A3BFB7770}"
EndProject
Project("{FAE04EC0-301F-11D3-BF4B-00C04F79EFBC}") = "Meta.Voice.Samples.BuiltInTimer", "Meta.Voice.Samples.BuiltInTimer.csproj", "{069F86C5-BE2C-659A-C1FC-C77F2240F093}"
EndProject
Project("{FAE04EC0-301F-11D3-BF4B-00C04F79EFBC}") = "Oculus.Platform.Editor", "Oculus.Platform.Editor.csproj", "{C38DE7B5-5DD5-DDA3-460D-D1959E517CD5}"
EndProject
Project("{FAE04EC0-301F-11D3-BF4B-00C04F79EFBC}") = "Meta.Voice.Samples.TTSVoices", "Meta.Voice.Samples.TTSVoices.csproj", "{2E272A65-27D4-97ED-7965-13B2EB3FA660}"
EndProject
Project("{FAE04EC0-301F-11D3-BF4B-00C04F79EFBC}") = "Meta.Voice.VSDKHub.Editor", "Meta.Voice.VSDKHub.Editor.csproj", "{3E1B6F9A-3DA0-D2F4-9C34-7FAF6AABD21B}"
EndProject
Project("{FAE04EC0-301F-11D3-BF4B-00C04F79EFBC}") = "Meta.WitAi.TTS", "Meta.WitAi.TTS.csproj", "{82B0E8B9-60D2-F9C8-D637-8ADD06271F02}"
EndProject
Project("{FAE04EC0-301F-11D3-BF4B-00C04F79EFBC}") = "Oculus.AudioManager.Audio.Editor", "Oculus.AudioManager.Audio.Editor.csproj", "{436F7B8B-21F2-4968-EF70-220DCE148D3F}"
EndProject
Project("{FAE04EC0-301F-11D3-BF4B-00C04F79EFBC}") = "Assembly-CSharp-Editor", "Assembly-CSharp-Editor.csproj", "{8FE862D4-2B0D-08A9-114A-E71BF8E247DA}"
EndProject
Project("{FAE04EC0-301F-11D3-BF4B-00C04F79EFBC}") = "Meta.Voice.Samples.Chess", "Meta.Voice.Samples.Chess.csproj", "{A752D284-F9C6-DF17-0509-70C006E88614}"
EndProject
Project("{FAE04EC0-301F-11D3-BF4B-00C04F79EFBC}") = "Oculus.VR.Scripts.Editor", "Oculus.VR.Scripts.Editor.csproj", "{D533D08D-4CAA-7A6B-4A68-BA8E33F11198}"
EndProject
Project("{FAE04EC0-301F-11D3-BF4B-00C04F79EFBC}") = "Meta.Voice.Samples.LightTraits", "Meta.Voice.Samples.LightTraits.csproj", "{BD7089F6-4CF0-57A7-25AA-DBDC980DF28C}"
EndProject
Project("{FAE04EC0-301F-11D3-BF4B-00C04F79EFBC}") = "Meta.Voice.Samples.Dictation", "Meta.Voice.Samples.Dictation.csproj", "{9A345BC4-EC9B-B80B-7F65-2F836B7948B9}"
EndProject
Project("{FAE04EC0-301F-11D3-BF4B-00C04F79EFBC}") = "Meta.Voice.Samples.Shapes", "Meta.Voice.Samples.Shapes.csproj", "{2510E1ED-3BD1-1F52-4B50-823731B8FC3B}"
EndProject
Project("{FAE04EC0-301F-11D3-BF4B-00C04F79EFBC}") = "Oculus.Interaction.Samples.Editor", "Oculus.Interaction.Samples.Editor.csproj", "{891F88A5-BE69-49EC-2FBA-356F44A5E264}"
EndProject
Project("{FAE04EC0-301F-11D3-BF4B-00C04F79EFBC}") = "Meta.WitAi.TTS.Editor", "Meta.WitAi.TTS.Editor.csproj", "{4565FE66-528F-F2CA-A8DE-C0CA8A419194}"
EndProject
Project("{FAE04EC0-301F-11D3-BF4B-00C04F79EFBC}") = "Oculus.Interaction.OVR.Editor", "Oculus.Interaction.OVR.Editor.csproj", "{FB185844-ECEA-E160-801C-A07E37D45704}"
EndProject
Project("{FAE04EC0-301F-11D3-BF4B-00C04F79EFBC}") = "Oculus.Spatializer", "Oculus.Spatializer.csproj", "{521E39B1-4363-1065-04F7-90A6B8328DD7}"
EndProject
Project("{FAE04EC0-301F-11D3-BF4B-00C04F79EFBC}") = "Oculus.LipSync.Editor", "Oculus.LipSync.Editor.csproj", "{DE51E2C2-8484-D758-3CEE-0A82EEC2B77B}"
EndProject
Project("{FAE04EC0-301F-11D3-BF4B-00C04F79EFBC}") = "Oculus.AudioManager.Utils.Editor", "Oculus.AudioManager.Utils.Editor.csproj", "{9FAD468D-10CA-CAF0-38CB-25EB4F317D04}"
EndProject
Project("{FAE04EC0-301F-11D3-BF4B-00C04F79EFBC}") = "Meta.VoiceSDK.Mic.Common", "Meta.VoiceSDK.Mic.Common.csproj", "{161EB7A3-4C07-3071-7C22-6FAE8D4B95ED}"
EndProject
Project("{FAE04EC0-301F-11D3-BF4B-00C04F79EFBC}") = "VoiceSDK.Dictation.Editor", "VoiceSDK.Dictation.Editor.csproj", "{4BEBBA6F-5641-DFCD-909E-68F5D36024E4}"
EndProject
Project("{FAE04EC0-301F-11D3-BF4B-00C04F79EFBC}") = "Meta.VoiceSDK.Mic.Other", "Meta.VoiceSDK.Mic.Other.csproj", "{BC4FC7A9-9F3A-97BB-5BFB-7F9CF9C076AD}"
EndProject
Project("{FAE04EC0-301F-11D3-BF4B-00C04F79EFBC}") = "AssistantCoreSDKEditor", "AssistantCoreSDKEditor.csproj", "{9F337622-79F5-5916-62E2-058E296B25B1}"
EndProject
Project("{FAE04EC0-301F-11D3-BF4B-00C04F79EFBC}") = "Oculus.Interaction.InterfaceSupport", "Oculus.Interaction.InterfaceSupport.csproj", "{7D40B3EB-BA9F-19FB-AE0A-A86C4C61A613}"
EndProject
Project("{FAE04EC0-301F-11D3-BF4B-00C04F79EFBC}") = "Meta.Voice.Samples.LiveUnderstanding", "Meta.Voice.Samples.LiveUnderstanding.csproj", "{73C36235-D903-8020-B474-2D14E8A93104}"
EndProject
Project("{FAE04EC0-301F-11D3-BF4B-00C04F79EFBC}") = "Facebook.Wit.Dictation.Editor", "Facebook.Wit.Dictation.Editor.csproj", "{7D29CCC8-CE34-3E3D-D0F3-08BA8718E350}"
EndProject
Project("{FAE04EC0-301F-11D3-BF4B-00C04F79EFBC}") = "Meta.VoiceSDK.Mic.WebGL", "Meta.VoiceSDK.Mic.WebGL.csproj", "{AC015DE5-0F6A-ABEE-AF88-CCC67A8E0108}"
EndProject
Global
	GlobalSection(SolutionConfigurationPlatforms) = preSolution
		Debug|Any CPU = Debug|Any CPU
		Release|Any CPU = Release|Any CPU
	EndGlobalSection
	GlobalSection(ProjectConfigurationPlatforms) = postSolution
		{0CB5B7BB-0C8C-892E-502C-D7C10ADAB831}.Debug|Any CPU.ActiveCfg = Debug|Any CPU
		{0CB5B7BB-0C8C-892E-502C-D7C10ADAB831}.Debug|Any CPU.Build.0 = Debug|Any CPU
		{0CB5B7BB-0C8C-892E-502C-D7C10ADAB831}.Release|Any CPU.ActiveCfg = Release|Any CPU
		{0CB5B7BB-0C8C-892E-502C-D7C10ADAB831}.Release|Any CPU.Build.0 = Release|Any CPU
		{A4EDA199-A2E4-4277-7BD9-1B21E68C6F39}.Debug|Any CPU.ActiveCfg = Debug|Any CPU
		{A4EDA199-A2E4-4277-7BD9-1B21E68C6F39}.Debug|Any CPU.Build.0 = Debug|Any CPU
		{A4EDA199-A2E4-4277-7BD9-1B21E68C6F39}.Release|Any CPU.ActiveCfg = Release|Any CPU
		{A4EDA199-A2E4-4277-7BD9-1B21E68C6F39}.Release|Any CPU.Build.0 = Release|Any CPU
		{2A14822A-870E-C072-CB2C-AD28942B11F1}.Debug|Any CPU.ActiveCfg = Debug|Any CPU
		{2A14822A-870E-C072-CB2C-AD28942B11F1}.Debug|Any CPU.Build.0 = Debug|Any CPU
		{2A14822A-870E-C072-CB2C-AD28942B11F1}.Release|Any CPU.ActiveCfg = Release|Any CPU
		{2A14822A-870E-C072-CB2C-AD28942B11F1}.Release|Any CPU.Build.0 = Release|Any CPU
		{25285836-7730-CD47-9EF2-8D4AFBA43CA2}.Debug|Any CPU.ActiveCfg = Debug|Any CPU
		{25285836-7730-CD47-9EF2-8D4AFBA43CA2}.Debug|Any CPU.Build.0 = Debug|Any CPU
		{25285836-7730-CD47-9EF2-8D4AFBA43CA2}.Release|Any CPU.ActiveCfg = Release|Any CPU
		{25285836-7730-CD47-9EF2-8D4AFBA43CA2}.Release|Any CPU.Build.0 = Release|Any CPU
		{80939604-8A26-F446-1448-19C74251B4E1}.Debug|Any CPU.ActiveCfg = Debug|Any CPU
		{80939604-8A26-F446-1448-19C74251B4E1}.Debug|Any CPU.Build.0 = Debug|Any CPU
		{80939604-8A26-F446-1448-19C74251B4E1}.Release|Any CPU.ActiveCfg = Release|Any CPU
		{80939604-8A26-F446-1448-19C74251B4E1}.Release|Any CPU.Build.0 = Release|Any CPU
		{290A617D-0A27-8543-A59E-07F3915F47C3}.Debug|Any CPU.ActiveCfg = Debug|Any CPU
		{290A617D-0A27-8543-A59E-07F3915F47C3}.Debug|Any CPU.Build.0 = Debug|Any CPU
		{290A617D-0A27-8543-A59E-07F3915F47C3}.Release|Any CPU.ActiveCfg = Release|Any CPU
		{290A617D-0A27-8543-A59E-07F3915F47C3}.Release|Any CPU.Build.0 = Release|Any CPU
		{C5DF4DE3-D2B7-11B2-A832-92ACF25B6D78}.Debug|Any CPU.ActiveCfg = Debug|Any CPU
		{C5DF4DE3-D2B7-11B2-A832-92ACF25B6D78}.Debug|Any CPU.Build.0 = Debug|Any CPU
		{C5DF4DE3-D2B7-11B2-A832-92ACF25B6D78}.Release|Any CPU.ActiveCfg = Release|Any CPU
		{C5DF4DE3-D2B7-11B2-A832-92ACF25B6D78}.Release|Any CPU.Build.0 = Release|Any CPU
		{70AF83EC-356A-9CFE-C8AA-23AB844FDDA1}.Debug|Any CPU.ActiveCfg = Debug|Any CPU
		{70AF83EC-356A-9CFE-C8AA-23AB844FDDA1}.Debug|Any CPU.Build.0 = Debug|Any CPU
		{70AF83EC-356A-9CFE-C8AA-23AB844FDDA1}.Release|Any CPU.ActiveCfg = Release|Any CPU
		{70AF83EC-356A-9CFE-C8AA-23AB844FDDA1}.Release|Any CPU.Build.0 = Release|Any CPU
		{8559756C-21E6-3341-3CBA-BB1967FAC6B6}.Debug|Any CPU.ActiveCfg = Debug|Any CPU
		{8559756C-21E6-3341-3CBA-BB1967FAC6B6}.Debug|Any CPU.Build.0 = Debug|Any CPU
		{8559756C-21E6-3341-3CBA-BB1967FAC6B6}.Release|Any CPU.ActiveCfg = Release|Any CPU
		{8559756C-21E6-3341-3CBA-BB1967FAC6B6}.Release|Any CPU.Build.0 = Release|Any CPU
		{43D2C6EB-120E-7147-37B2-A7E89202D574}.Debug|Any CPU.ActiveCfg = Debug|Any CPU
		{43D2C6EB-120E-7147-37B2-A7E89202D574}.Debug|Any CPU.Build.0 = Debug|Any CPU
		{43D2C6EB-120E-7147-37B2-A7E89202D574}.Release|Any CPU.ActiveCfg = Release|Any CPU
		{43D2C6EB-120E-7147-37B2-A7E89202D574}.Release|Any CPU.Build.0 = Release|Any CPU
		{0F6175F7-6E68-5B20-7B86-528635667D4C}.Debug|Any CPU.ActiveCfg = Debug|Any CPU
		{0F6175F7-6E68-5B20-7B86-528635667D4C}.Debug|Any CPU.Build.0 = Debug|Any CPU
		{0F6175F7-6E68-5B20-7B86-528635667D4C}.Release|Any CPU.ActiveCfg = Release|Any CPU
		{0F6175F7-6E68-5B20-7B86-528635667D4C}.Release|Any CPU.Build.0 = Release|Any CPU
		{313731D0-D27A-0B83-AEC3-E5C2DD9DF742}.Debug|Any CPU.ActiveCfg = Debug|Any CPU
		{313731D0-D27A-0B83-AEC3-E5C2DD9DF742}.Debug|Any CPU.Build.0 = Debug|Any CPU
		{313731D0-D27A-0B83-AEC3-E5C2DD9DF742}.Release|Any CPU.ActiveCfg = Release|Any CPU
		{313731D0-D27A-0B83-AEC3-E5C2DD9DF742}.Release|Any CPU.Build.0 = Release|Any CPU
		{C0B2D44B-A9D6-1912-5851-A1D4FA035D6A}.Debug|Any CPU.ActiveCfg = Debug|Any CPU
		{C0B2D44B-A9D6-1912-5851-A1D4FA035D6A}.Debug|Any CPU.Build.0 = Debug|Any CPU
		{C0B2D44B-A9D6-1912-5851-A1D4FA035D6A}.Release|Any CPU.ActiveCfg = Release|Any CPU
		{C0B2D44B-A9D6-1912-5851-A1D4FA035D6A}.Release|Any CPU.Build.0 = Release|Any CPU
		{9AE50595-FDD7-A643-6FB4-A9BAB6B58076}.Debug|Any CPU.ActiveCfg = Debug|Any CPU
		{9AE50595-FDD7-A643-6FB4-A9BAB6B58076}.Debug|Any CPU.Build.0 = Debug|Any CPU
		{9AE50595-FDD7-A643-6FB4-A9BAB6B58076}.Release|Any CPU.ActiveCfg = Release|Any CPU
		{9AE50595-FDD7-A643-6FB4-A9BAB6B58076}.Release|Any CPU.Build.0 = Release|Any CPU
		{75C961A3-6D90-EBEF-21A7-281B051A08B8}.Debug|Any CPU.ActiveCfg = Debug|Any CPU
		{75C961A3-6D90-EBEF-21A7-281B051A08B8}.Debug|Any CPU.Build.0 = Debug|Any CPU
		{75C961A3-6D90-EBEF-21A7-281B051A08B8}.Release|Any CPU.ActiveCfg = Release|Any CPU
		{75C961A3-6D90-EBEF-21A7-281B051A08B8}.Release|Any CPU.Build.0 = Release|Any CPU
		{E5341C12-8698-60BF-7317-712A6331E20C}.Debug|Any CPU.ActiveCfg = Debug|Any CPU
		{E5341C12-8698-60BF-7317-712A6331E20C}.Debug|Any CPU.Build.0 = Debug|Any CPU
		{E5341C12-8698-60BF-7317-712A6331E20C}.Release|Any CPU.ActiveCfg = Release|Any CPU
		{E5341C12-8698-60BF-7317-712A6331E20C}.Release|Any CPU.Build.0 = Release|Any CPU
		{19C31E08-C8B2-7DE4-DDBC-5E993508398C}.Debug|Any CPU.ActiveCfg = Debug|Any CPU
		{19C31E08-C8B2-7DE4-DDBC-5E993508398C}.Debug|Any CPU.Build.0 = Debug|Any CPU
		{19C31E08-C8B2-7DE4-DDBC-5E993508398C}.Release|Any CPU.ActiveCfg = Release|Any CPU
		{19C31E08-C8B2-7DE4-DDBC-5E993508398C}.Release|Any CPU.Build.0 = Release|Any CPU
		{04339D0C-E97E-FF8B-5BC5-B3F781C5EDC0}.Debug|Any CPU.ActiveCfg = Debug|Any CPU
		{04339D0C-E97E-FF8B-5BC5-B3F781C5EDC0}.Debug|Any CPU.Build.0 = Debug|Any CPU
		{04339D0C-E97E-FF8B-5BC5-B3F781C5EDC0}.Release|Any CPU.ActiveCfg = Release|Any CPU
		{04339D0C-E97E-FF8B-5BC5-B3F781C5EDC0}.Release|Any CPU.Build.0 = Release|Any CPU
		{D9D6216B-3689-269D-4FD5-8350EA10A9E9}.Debug|Any CPU.ActiveCfg = Debug|Any CPU
		{D9D6216B-3689-269D-4FD5-8350EA10A9E9}.Debug|Any CPU.Build.0 = Debug|Any CPU
		{D9D6216B-3689-269D-4FD5-8350EA10A9E9}.Release|Any CPU.ActiveCfg = Release|Any CPU
		{D9D6216B-3689-269D-4FD5-8350EA10A9E9}.Release|Any CPU.Build.0 = Release|Any CPU
		{981679A4-0A57-F921-FE20-3FAFD1995F18}.Debug|Any CPU.ActiveCfg = Debug|Any CPU
		{981679A4-0A57-F921-FE20-3FAFD1995F18}.Debug|Any CPU.Build.0 = Debug|Any CPU
		{981679A4-0A57-F921-FE20-3FAFD1995F18}.Release|Any CPU.ActiveCfg = Release|Any CPU
		{981679A4-0A57-F921-FE20-3FAFD1995F18}.Release|Any CPU.Build.0 = Release|Any CPU
		{583A113C-9D66-86B4-C298-EF299998749B}.Debug|Any CPU.ActiveCfg = Debug|Any CPU
		{583A113C-9D66-86B4-C298-EF299998749B}.Debug|Any CPU.Build.0 = Debug|Any CPU
		{583A113C-9D66-86B4-C298-EF299998749B}.Release|Any CPU.ActiveCfg = Release|Any CPU
		{583A113C-9D66-86B4-C298-EF299998749B}.Release|Any CPU.Build.0 = Release|Any CPU
		{3BE40B19-BCBC-7784-051D-DDC8B864586C}.Debug|Any CPU.ActiveCfg = Debug|Any CPU
		{3BE40B19-BCBC-7784-051D-DDC8B864586C}.Debug|Any CPU.Build.0 = Debug|Any CPU
		{3BE40B19-BCBC-7784-051D-DDC8B864586C}.Release|Any CPU.ActiveCfg = Release|Any CPU
		{3BE40B19-BCBC-7784-051D-DDC8B864586C}.Release|Any CPU.Build.0 = Release|Any CPU
		{E4834871-4126-57BE-9483-6AC7F937FD97}.Debug|Any CPU.ActiveCfg = Debug|Any CPU
		{E4834871-4126-57BE-9483-6AC7F937FD97}.Debug|Any CPU.Build.0 = Debug|Any CPU
		{E4834871-4126-57BE-9483-6AC7F937FD97}.Release|Any CPU.ActiveCfg = Release|Any CPU
		{E4834871-4126-57BE-9483-6AC7F937FD97}.Release|Any CPU.Build.0 = Release|Any CPU
		{0E3A4A8E-1E19-E301-BD66-79EC157F95D7}.Debug|Any CPU.ActiveCfg = Debug|Any CPU
		{0E3A4A8E-1E19-E301-BD66-79EC157F95D7}.Debug|Any CPU.Build.0 = Debug|Any CPU
		{0E3A4A8E-1E19-E301-BD66-79EC157F95D7}.Release|Any CPU.ActiveCfg = Release|Any CPU
		{0E3A4A8E-1E19-E301-BD66-79EC157F95D7}.Release|Any CPU.Build.0 = Release|Any CPU
		{CEFF1BF5-ED15-5198-F38F-DF3FF9EF1F92}.Debug|Any CPU.ActiveCfg = Debug|Any CPU
		{CEFF1BF5-ED15-5198-F38F-DF3FF9EF1F92}.Debug|Any CPU.Build.0 = Debug|Any CPU
		{CEFF1BF5-ED15-5198-F38F-DF3FF9EF1F92}.Release|Any CPU.ActiveCfg = Release|Any CPU
		{CEFF1BF5-ED15-5198-F38F-DF3FF9EF1F92}.Release|Any CPU.Build.0 = Release|Any CPU
		{89F81AA4-1907-89D8-5C44-F80A3BFB7770}.Debug|Any CPU.ActiveCfg = Debug|Any CPU
		{89F81AA4-1907-89D8-5C44-F80A3BFB7770}.Debug|Any CPU.Build.0 = Debug|Any CPU
		{89F81AA4-1907-89D8-5C44-F80A3BFB7770}.Release|Any CPU.ActiveCfg = Release|Any CPU
		{89F81AA4-1907-89D8-5C44-F80A3BFB7770}.Release|Any CPU.Build.0 = Release|Any CPU
		{069F86C5-BE2C-659A-C1FC-C77F2240F093}.Debug|Any CPU.ActiveCfg = Debug|Any CPU
		{069F86C5-BE2C-659A-C1FC-C77F2240F093}.Debug|Any CPU.Build.0 = Debug|Any CPU
		{069F86C5-BE2C-659A-C1FC-C77F2240F093}.Release|Any CPU.ActiveCfg = Release|Any CPU
		{069F86C5-BE2C-659A-C1FC-C77F2240F093}.Release|Any CPU.Build.0 = Release|Any CPU
		{C38DE7B5-5DD5-DDA3-460D-D1959E517CD5}.Debug|Any CPU.ActiveCfg = Debug|Any CPU
		{C38DE7B5-5DD5-DDA3-460D-D1959E517CD5}.Debug|Any CPU.Build.0 = Debug|Any CPU
		{C38DE7B5-5DD5-DDA3-460D-D1959E517CD5}.Release|Any CPU.ActiveCfg = Release|Any CPU
		{C38DE7B5-5DD5-DDA3-460D-D1959E517CD5}.Release|Any CPU.Build.0 = Release|Any CPU
		{2E272A65-27D4-97ED-7965-13B2EB3FA660}.Debug|Any CPU.ActiveCfg = Debug|Any CPU
		{2E272A65-27D4-97ED-7965-13B2EB3FA660}.Debug|Any CPU.Build.0 = Debug|Any CPU
		{2E272A65-27D4-97ED-7965-13B2EB3FA660}.Release|Any CPU.ActiveCfg = Release|Any CPU
		{2E272A65-27D4-97ED-7965-13B2EB3FA660}.Release|Any CPU.Build.0 = Release|Any CPU
		{3E1B6F9A-3DA0-D2F4-9C34-7FAF6AABD21B}.Debug|Any CPU.ActiveCfg = Debug|Any CPU
		{3E1B6F9A-3DA0-D2F4-9C34-7FAF6AABD21B}.Debug|Any CPU.Build.0 = Debug|Any CPU
		{3E1B6F9A-3DA0-D2F4-9C34-7FAF6AABD21B}.Release|Any CPU.ActiveCfg = Release|Any CPU
		{3E1B6F9A-3DA0-D2F4-9C34-7FAF6AABD21B}.Release|Any CPU.Build.0 = Release|Any CPU
		{82B0E8B9-60D2-F9C8-D637-8ADD06271F02}.Debug|Any CPU.ActiveCfg = Debug|Any CPU
		{82B0E8B9-60D2-F9C8-D637-8ADD06271F02}.Debug|Any CPU.Build.0 = Debug|Any CPU
		{82B0E8B9-60D2-F9C8-D637-8ADD06271F02}.Release|Any CPU.ActiveCfg = Release|Any CPU
		{82B0E8B9-60D2-F9C8-D637-8ADD06271F02}.Release|Any CPU.Build.0 = Release|Any CPU
		{436F7B8B-21F2-4968-EF70-220DCE148D3F}.Debug|Any CPU.ActiveCfg = Debug|Any CPU
		{436F7B8B-21F2-4968-EF70-220DCE148D3F}.Debug|Any CPU.Build.0 = Debug|Any CPU
		{436F7B8B-21F2-4968-EF70-220DCE148D3F}.Release|Any CPU.ActiveCfg = Release|Any CPU
		{436F7B8B-21F2-4968-EF70-220DCE148D3F}.Release|Any CPU.Build.0 = Release|Any CPU
		{8FE862D4-2B0D-08A9-114A-E71BF8E247DA}.Debug|Any CPU.ActiveCfg = Debug|Any CPU
		{8FE862D4-2B0D-08A9-114A-E71BF8E247DA}.Debug|Any CPU.Build.0 = Debug|Any CPU
		{8FE862D4-2B0D-08A9-114A-E71BF8E247DA}.Release|Any CPU.ActiveCfg = Release|Any CPU
		{8FE862D4-2B0D-08A9-114A-E71BF8E247DA}.Release|Any CPU.Build.0 = Release|Any CPU
		{A752D284-F9C6-DF17-0509-70C006E88614}.Debug|Any CPU.ActiveCfg = Debug|Any CPU
		{A752D284-F9C6-DF17-0509-70C006E88614}.Debug|Any CPU.Build.0 = Debug|Any CPU
		{A752D284-F9C6-DF17-0509-70C006E88614}.Release|Any CPU.ActiveCfg = Release|Any CPU
		{A752D284-F9C6-DF17-0509-70C006E88614}.Release|Any CPU.Build.0 = Release|Any CPU
		{D533D08D-4CAA-7A6B-4A68-BA8E33F11198}.Debug|Any CPU.ActiveCfg = Debug|Any CPU
		{D533D08D-4CAA-7A6B-4A68-BA8E33F11198}.Debug|Any CPU.Build.0 = Debug|Any CPU
		{D533D08D-4CAA-7A6B-4A68-BA8E33F11198}.Release|Any CPU.ActiveCfg = Release|Any CPU
		{D533D08D-4CAA-7A6B-4A68-BA8E33F11198}.Release|Any CPU.Build.0 = Release|Any CPU
		{BD7089F6-4CF0-57A7-25AA-DBDC980DF28C}.Debug|Any CPU.ActiveCfg = Debug|Any CPU
		{BD7089F6-4CF0-57A7-25AA-DBDC980DF28C}.Debug|Any CPU.Build.0 = Debug|Any CPU
		{BD7089F6-4CF0-57A7-25AA-DBDC980DF28C}.Release|Any CPU.ActiveCfg = Release|Any CPU
		{BD7089F6-4CF0-57A7-25AA-DBDC980DF28C}.Release|Any CPU.Build.0 = Release|Any CPU
		{9A345BC4-EC9B-B80B-7F65-2F836B7948B9}.Debug|Any CPU.ActiveCfg = Debug|Any CPU
		{9A345BC4-EC9B-B80B-7F65-2F836B7948B9}.Debug|Any CPU.Build.0 = Debug|Any CPU
		{9A345BC4-EC9B-B80B-7F65-2F836B7948B9}.Release|Any CPU.ActiveCfg = Release|Any CPU
		{9A345BC4-EC9B-B80B-7F65-2F836B7948B9}.Release|Any CPU.Build.0 = Release|Any CPU
		{2510E1ED-3BD1-1F52-4B50-823731B8FC3B}.Debug|Any CPU.ActiveCfg = Debug|Any CPU
		{2510E1ED-3BD1-1F52-4B50-823731B8FC3B}.Debug|Any CPU.Build.0 = Debug|Any CPU
		{2510E1ED-3BD1-1F52-4B50-823731B8FC3B}.Release|Any CPU.ActiveCfg = Release|Any CPU
		{2510E1ED-3BD1-1F52-4B50-823731B8FC3B}.Release|Any CPU.Build.0 = Release|Any CPU
		{891F88A5-BE69-49EC-2FBA-356F44A5E264}.Debug|Any CPU.ActiveCfg = Debug|Any CPU
		{891F88A5-BE69-49EC-2FBA-356F44A5E264}.Debug|Any CPU.Build.0 = Debug|Any CPU
		{891F88A5-BE69-49EC-2FBA-356F44A5E264}.Release|Any CPU.ActiveCfg = Release|Any CPU
		{891F88A5-BE69-49EC-2FBA-356F44A5E264}.Release|Any CPU.Build.0 = Release|Any CPU
		{4565FE66-528F-F2CA-A8DE-C0CA8A419194}.Debug|Any CPU.ActiveCfg = Debug|Any CPU
		{4565FE66-528F-F2CA-A8DE-C0CA8A419194}.Debug|Any CPU.Build.0 = Debug|Any CPU
		{4565FE66-528F-F2CA-A8DE-C0CA8A419194}.Release|Any CPU.ActiveCfg = Release|Any CPU
		{4565FE66-528F-F2CA-A8DE-C0CA8A419194}.Release|Any CPU.Build.0 = Release|Any CPU
		{FB185844-ECEA-E160-801C-A07E37D45704}.Debug|Any CPU.ActiveCfg = Debug|Any CPU
		{FB185844-ECEA-E160-801C-A07E37D45704}.Debug|Any CPU.Build.0 = Debug|Any CPU
		{FB185844-ECEA-E160-801C-A07E37D45704}.Release|Any CPU.ActiveCfg = Release|Any CPU
		{FB185844-ECEA-E160-801C-A07E37D45704}.Release|Any CPU.Build.0 = Release|Any CPU
		{521E39B1-4363-1065-04F7-90A6B8328DD7}.Debug|Any CPU.ActiveCfg = Debug|Any CPU
		{521E39B1-4363-1065-04F7-90A6B8328DD7}.Debug|Any CPU.Build.0 = Debug|Any CPU
		{521E39B1-4363-1065-04F7-90A6B8328DD7}.Release|Any CPU.ActiveCfg = Release|Any CPU
		{521E39B1-4363-1065-04F7-90A6B8328DD7}.Release|Any CPU.Build.0 = Release|Any CPU
		{DE51E2C2-8484-D758-3CEE-0A82EEC2B77B}.Debug|Any CPU.ActiveCfg = Debug|Any CPU
		{DE51E2C2-8484-D758-3CEE-0A82EEC2B77B}.Debug|Any CPU.Build.0 = Debug|Any CPU
		{DE51E2C2-8484-D758-3CEE-0A82EEC2B77B}.Release|Any CPU.ActiveCfg = Release|Any CPU
		{DE51E2C2-8484-D758-3CEE-0A82EEC2B77B}.Release|Any CPU.Build.0 = Release|Any CPU
		{9FAD468D-10CA-CAF0-38CB-25EB4F317D04}.Debug|Any CPU.ActiveCfg = Debug|Any CPU
		{9FAD468D-10CA-CAF0-38CB-25EB4F317D04}.Debug|Any CPU.Build.0 = Debug|Any CPU
		{9FAD468D-10CA-CAF0-38CB-25EB4F317D04}.Release|Any CPU.ActiveCfg = Release|Any CPU
		{9FAD468D-10CA-CAF0-38CB-25EB4F317D04}.Release|Any CPU.Build.0 = Release|Any CPU
		{161EB7A3-4C07-3071-7C22-6FAE8D4B95ED}.Debug|Any CPU.ActiveCfg = Debug|Any CPU
		{161EB7A3-4C07-3071-7C22-6FAE8D4B95ED}.Debug|Any CPU.Build.0 = Debug|Any CPU
		{161EB7A3-4C07-3071-7C22-6FAE8D4B95ED}.Release|Any CPU.ActiveCfg = Release|Any CPU
		{161EB7A3-4C07-3071-7C22-6FAE8D4B95ED}.Release|Any CPU.Build.0 = Release|Any CPU
		{4BEBBA6F-5641-DFCD-909E-68F5D36024E4}.Debug|Any CPU.ActiveCfg = Debug|Any CPU
		{4BEBBA6F-5641-DFCD-909E-68F5D36024E4}.Debug|Any CPU.Build.0 = Debug|Any CPU
		{4BEBBA6F-5641-DFCD-909E-68F5D36024E4}.Release|Any CPU.ActiveCfg = Release|Any CPU
		{4BEBBA6F-5641-DFCD-909E-68F5D36024E4}.Release|Any CPU.Build.0 = Release|Any CPU
		{BC4FC7A9-9F3A-97BB-5BFB-7F9CF9C076AD}.Debug|Any CPU.ActiveCfg = Debug|Any CPU
		{BC4FC7A9-9F3A-97BB-5BFB-7F9CF9C076AD}.Debug|Any CPU.Build.0 = Debug|Any CPU
		{BC4FC7A9-9F3A-97BB-5BFB-7F9CF9C076AD}.Release|Any CPU.ActiveCfg = Release|Any CPU
		{BC4FC7A9-9F3A-97BB-5BFB-7F9CF9C076AD}.Release|Any CPU.Build.0 = Release|Any CPU
		{9F337622-79F5-5916-62E2-058E296B25B1}.Debug|Any CPU.ActiveCfg = Debug|Any CPU
		{9F337622-79F5-5916-62E2-058E296B25B1}.Debug|Any CPU.Build.0 = Debug|Any CPU
		{9F337622-79F5-5916-62E2-058E296B25B1}.Release|Any CPU.ActiveCfg = Release|Any CPU
		{9F337622-79F5-5916-62E2-058E296B25B1}.Release|Any CPU.Build.0 = Release|Any CPU
		{7D40B3EB-BA9F-19FB-AE0A-A86C4C61A613}.Debug|Any CPU.ActiveCfg = Debug|Any CPU
		{7D40B3EB-BA9F-19FB-AE0A-A86C4C61A613}.Debug|Any CPU.Build.0 = Debug|Any CPU
		{7D40B3EB-BA9F-19FB-AE0A-A86C4C61A613}.Release|Any CPU.ActiveCfg = Release|Any CPU
		{7D40B3EB-BA9F-19FB-AE0A-A86C4C61A613}.Release|Any CPU.Build.0 = Release|Any CPU
		{73C36235-D903-8020-B474-2D14E8A93104}.Debug|Any CPU.ActiveCfg = Debug|Any CPU
		{73C36235-D903-8020-B474-2D14E8A93104}.Debug|Any CPU.Build.0 = Debug|Any CPU
		{73C36235-D903-8020-B474-2D14E8A93104}.Release|Any CPU.ActiveCfg = Release|Any CPU
		{73C36235-D903-8020-B474-2D14E8A93104}.Release|Any CPU.Build.0 = Release|Any CPU
		{7D29CCC8-CE34-3E3D-D0F3-08BA8718E350}.Debug|Any CPU.ActiveCfg = Debug|Any CPU
		{7D29CCC8-CE34-3E3D-D0F3-08BA8718E350}.Debug|Any CPU.Build.0 = Debug|Any CPU
		{7D29CCC8-CE34-3E3D-D0F3-08BA8718E350}.Release|Any CPU.ActiveCfg = Release|Any CPU
		{7D29CCC8-CE34-3E3D-D0F3-08BA8718E350}.Release|Any CPU.Build.0 = Release|Any CPU
		{AC015DE5-0F6A-ABEE-AF88-CCC67A8E0108}.Debug|Any CPU.ActiveCfg = Debug|Any CPU
		{AC015DE5-0F6A-ABEE-AF88-CCC67A8E0108}.Debug|Any CPU.Build.0 = Debug|Any CPU
		{AC015DE5-0F6A-ABEE-AF88-CCC67A8E0108}.Release|Any CPU.ActiveCfg = Release|Any CPU
		{AC015DE5-0F6A-ABEE-AF88-CCC67A8E0108}.Release|Any CPU.Build.0 = Release|Any CPU
	EndGlobalSection
	GlobalSection(SolutionProperties) = preSolution
		HideSolutionNode = FALSE
	EndGlobalSection
EndGlobal
